# This file is autogenerated, do not edit; changes may be undone by the next 'dep ensure'.


[[projects]]
  branch = "master"
  name = "github.com/xiam/exif"
  packages = ["."]
  revision = "33e82e3db72f03c4d55d10b7275d267fc7cd0e45"

[solve-meta]
  analyzer-name = "dep"
  analyzer-version = 1
  inputs-digest = "4b575d67a86e0c4b591af1fd017b254b8785ff672eb8a6767ca9b7b04142077b"
  solver-name = "gps-cdcl"
  solver-version = 1
